
Microsoft Visual Studio Solution File, Format Version 12.00
# Visual Studio Version 17
VisualStudioVersion = 17.11.35219.272
MinimumVisualStudioVersion = 10.0.40219.1
Project("{FAE04EC0-301F-11D3-BF4B-00C04F79EFBC}") = "looper 5", "looper 5\looper 5.csproj", "{B37E0AC3-2D7D-4C60-BB9A-D234F4A1621B}"
EndProject
Global
	GlobalSection(SolutionConfigurationPlatforms) = preSolution
		Debug|Any CPU = Debug|Any CPU
		Release|Any CPU = Release|Any CPU
	EndGlobalSection
	GlobalSection(ProjectConfigurationPlatforms) = postSolution
		{B37E0AC3-2D7D-4C60-BB9A-D234F4A1621B}.Debug|Any CPU.ActiveCfg = Debug|Any CPU
		{B37E0AC3-2D7D-4C60-BB9A-D234F4A1621B}.Debug|Any CPU.Build.0 = Debug|Any CPU
		{B37E0AC3-2D7D-4C60-BB9A-D234F4A1621B}.Release|Any CPU.ActiveCfg = Release|Any CPU
		{B37E0AC3-2D7D-4C60-BB9A-D234F4A1621B}.Release|Any CPU.Build.0 = Release|Any CPU
	EndGlobalSection
	GlobalSection(SolutionProperties) = preSolution
		HideSolutionNode = FALSE
	EndGlobalSection
	GlobalSection(ExtensibilityGlobals) = postSolution
		SolutionGuid = {1CF8E012-7C0C-4CE6-99B5-A640B2EBF230}
	EndGlobalSection
EndGlobal
